<?xml version="1.0" encoding="utf-8"?>
<Project ToolsVersion="4.0" xmlns="http://schemas.microsoft.com/developer/msbuild/2003">
  <ItemGroup>
    <Filter Include="Source Files">
      <UniqueIdentifier>{4FC737F1-C7A5-4376-A066-2A32D752A2FF}</UniqueIdentifier>
      <Extensions>cpp;c;cc;cxx;def;odl;idl;hpj;bat;asm;asmx</Extensions>
    </Filter>
    <Filter Include="Header Files">
      <UniqueIdentifier>{93995380-89BD-4b04-88EB-625FBE52EBFB}</UniqueIdentifier>
      <Extensions>h;hpp;hxx;hm;inl;inc;xsd</Extensions>
    </Filter>
    <Filter Include="Resource Files">
      <UniqueIdentifier>{67DA6AB6-F800-4c08-8B7A-83BB121AAD01}</UniqueIdentifier>
      <Extensions>rc;ico;cur;bmp;dlg;rc2;rct;bin;rgs;gif;jpg;jpeg;jpe;resx;tiff;tif;png;wav;mfcribbon-ms</Extensions>
    </Filter>
    <Filter Include="Header Files\Device">
      <UniqueIdentifier>{d9fe15c0-ca22-4a53-9523-fab375cb150d}</UniqueIdentifier>
    </Filter>
    <Filter Include="Source Files\Device">
      <UniqueIdentifier>{eb9aae49-1daa-41a6-b67f-cbd31c3beae0}</UniqueIdentifier>
    </Filter>
    <Filter Include="Header Files\Device\Shader">
      <UniqueIdentifier>{02611d72-f7a1-4442-b385-442191833ac3}</UniqueIdentifier>
    </Filter>
    <Filter Include="Source Files\Device\Shader">
      <UniqueIdentifier>{c1440483-6d0a-4ec5-8a96-6014cfdcc2b9}</UniqueIdentifier>
    </Filter>
    <Filter Include="Header Files\Device\Texture">
      <UniqueIdentifier>{bd6f7425-a272-4590-b802-c122f1592b28}</UniqueIdentifier>
    </Filter>
    <Filter Include="Source Files\Device\Texture">
      <UniqueIdentifier>{8312093e-1bc6-4997-a74a-84aa5d936813}</UniqueIdentifier>
    </Filter>
  </ItemGroup>
  <ItemGroup>
    <ClCompile Include="..\..\src\RenderDeviceOGL3x\GraphicsWindowOGL3x.cpp">
      <Filter>Source Files\Device</Filter>
    </ClCompile>
    <ClCompile Include="..\..\src\RenderDeviceOGL3x\DLLExport.cpp">
      <Filter>Source Files</Filter>
    </ClCompile>
    <ClCompile Include="..\..\src\RenderDeviceOGL3x\RenderDeviceOGL3x.cpp">
      <Filter>Source Files</Filter>
    </ClCompile>
    <ClCompile Include="..\..\src\RenderDeviceOGL3x\RenderContextOGL3x.cpp">
      <Filter>Source Files\Device</Filter>
    </ClCompile>
    <ClCompile Include="..\..\src\RenderDeviceOGL3x\ShaderProgramOGL3x.cpp">
      <Filter>Source Files\Device\Shader</Filter>
    </ClCompile>
    <ClCompile Include="..\..\src\RenderDeviceOGL3x\ShaderObjectOGL3x.cpp">
      <Filter>Source Files\Device\Shader</Filter>
    </ClCompile>
    <ClCompile Include="..\..\src\RenderDeviceOGL3x\UniformFOGL3x.cpp">
      <Filter>Source Files\Device\Shader</Filter>
    </ClCompile>
    <ClCompile Include="..\..\src\RenderDeviceOGL3x\UniformIOGL3x.cpp">
      <Filter>Source Files\Device\Shader</Filter>
    </ClCompile>
    <ClCompile Include="..\..\src\RenderDeviceOGL3x\UniformUIOGL3x.cpp">
      <Filter>Source Files\Device\Shader</Filter>
    </ClCompile>
    <ClCompile Include="..\..\src\RenderDeviceOGL3x\TypeConverterOGL3x.cpp">
      <Filter>Source Files</Filter>
    </ClCompile>
  </ItemGroup>
  <ItemGroup>
    <ClInclude Include="..\..\src\RenderDeviceOGL3x\GraphicsWindowOGL3x.h">
      <Filter>Header Files\Device</Filter>
    </ClInclude>
    <ClInclude Include="..\..\src\RenderDeviceOGL3x\RenderDeviceOGL3x.h">
      <Filter>Header Files</Filter>
    </ClInclude>
    <ClInclude Include="..\..\src\RenderDeviceOGL3x\RenderContextOGL3x.h">
      <Filter>Header Files\Device</Filter>
    </ClInclude>
    <ClInclude Include="..\..\src\RenderDeviceOGL3x\ShaderProgramOGL3x.h">
      <Filter>Header Files\Device\Shader</Filter>
    </ClInclude>
    <ClInclude Include="..\..\src\RenderDeviceOGL3x\ShaderObjectOGL3x.h">
      <Filter>Header Files\Device\Shader</Filter>
    </ClInclude>
    <ClInclude Include="..\..\src\RenderDeviceOGL3x\UniformOGL3x.h">
      <Filter>Header Files\Device\Shader</Filter>
    </ClInclude>
    <ClInclude Include="..\..\src\RenderDeviceOGL3x\TypeConverterOGL3x.h">
      <Filter>Header Files</Filter>
    </ClInclude>
    <ClInclude Include="..\..\src\RenderDeviceOGL3x\Texture2DOGL3x.h">
      <Filter>Header Files\Device\Texture</Filter>
    </ClInclude>
  </ItemGroup>
</Project>