
Microsoft Visual Studio Solution File, Format Version 12.00
# Visual Studio 2012
Project("{2150E333-8FDC-42A3-9474-1A3956D46DE8}") = "Engine", "Engine", "{574EA9AC-4199-47D7-BA46-2941FDA2EEAE}"
EndProject
Project("{2150E333-8FDC-42A3-9474-1A3956D46DE8}") = "Samples", "Samples", "{D1FC7B98-7333-42E9-99B4-7D5115B40258}"
EndProject
Project("{8BC9CEB8-8B4A-11D0-8D11-00A0C91BC942}") = "Core", "Core\Core.vcxproj", "{6366FAF9-D6C9-470E-BA33-9F4B6755A76F}"
EndProject
Project("{8BC9CEB8-8B4A-11D0-8D11-00A0C91BC942}") = "HelloWorld", "..\samples\HelloWorld\HelloWorld.vcxproj", "{90283FD3-62E9-4186-A1D3-AC96B831F4D0}"
	ProjectSection(ProjectDependencies) = postProject
		{DF8E35DB-FA71-4261-8FFE-823C324F7029} = {DF8E35DB-FA71-4261-8FFE-823C324F7029}
	EndProjectSection
EndProject
Project("{8BC9CEB8-8B4A-11D0-8D11-00A0C91BC942}") = "Renderer", "Renderer\Renderer.vcxproj", "{DF8E35DB-FA71-4261-8FFE-823C324F7029}"
	ProjectSection(ProjectDependencies) = postProject
		{6366FAF9-D6C9-470E-BA33-9F4B6755A76F} = {6366FAF9-D6C9-470E-BA33-9F4B6755A76F}
	EndProjectSection
EndProject
Project("{2150E333-8FDC-42A3-9474-1A3956D46DE8}") = "video", "video", "{93AB430C-81D6-461F-BD1F-7FAB31997DE7}"
EndProject
Project("{8BC9CEB8-8B4A-11D0-8D11-00A0C91BC942}") = "RendererDeviceOGL3x", "RendererDeviceOGL3x\RendererDeviceOGL3x.vcxproj", "{AE4F7AC6-0890-43BC-8EF4-2CAF4C53F576}"
EndProject
Project("{2150E333-8FDC-42A3-9474-1A3956D46DE8}") = "Devices", "Devices", "{2D0A5AF7-45E8-4923-B78E-1B982CE2D198}"
EndProject
Global
	GlobalSection(SolutionConfigurationPlatforms) = preSolution
		Debug|Win32 = Debug|Win32
		Release|Win32 = Release|Win32
	EndGlobalSection
	GlobalSection(ProjectConfigurationPlatforms) = postSolution
		{6366FAF9-D6C9-470E-BA33-9F4B6755A76F}.Debug|Win32.ActiveCfg = Debug|Win32
		{6366FAF9-D6C9-470E-BA33-9F4B6755A76F}.Debug|Win32.Build.0 = Debug|Win32
		{6366FAF9-D6C9-470E-BA33-9F4B6755A76F}.Release|Win32.ActiveCfg = Release|Win32
		{6366FAF9-D6C9-470E-BA33-9F4B6755A76F}.Release|Win32.Build.0 = Release|Win32
		{90283FD3-62E9-4186-A1D3-AC96B831F4D0}.Debug|Win32.ActiveCfg = Debug|Win32
		{90283FD3-62E9-4186-A1D3-AC96B831F4D0}.Debug|Win32.Build.0 = Debug|Win32
		{90283FD3-62E9-4186-A1D3-AC96B831F4D0}.Release|Win32.ActiveCfg = Release|Win32
		{90283FD3-62E9-4186-A1D3-AC96B831F4D0}.Release|Win32.Build.0 = Release|Win32
		{DF8E35DB-FA71-4261-8FFE-823C324F7029}.Debug|Win32.ActiveCfg = Debug|Win32
		{DF8E35DB-FA71-4261-8FFE-823C324F7029}.Debug|Win32.Build.0 = Debug|Win32
		{DF8E35DB-FA71-4261-8FFE-823C324F7029}.Release|Win32.ActiveCfg = Release|Win32
		{DF8E35DB-FA71-4261-8FFE-823C324F7029}.Release|Win32.Build.0 = Release|Win32
		{AE4F7AC6-0890-43BC-8EF4-2CAF4C53F576}.Debug|Win32.ActiveCfg = Debug|Win32
		{AE4F7AC6-0890-43BC-8EF4-2CAF4C53F576}.Debug|Win32.Build.0 = Debug|Win32
		{AE4F7AC6-0890-43BC-8EF4-2CAF4C53F576}.Release|Win32.ActiveCfg = Release|Win32
		{AE4F7AC6-0890-43BC-8EF4-2CAF4C53F576}.Release|Win32.Build.0 = Release|Win32
	EndGlobalSection
	GlobalSection(SolutionProperties) = preSolution
		HideSolutionNode = FALSE
	EndGlobalSection
	GlobalSection(NestedProjects) = preSolution
		{6366FAF9-D6C9-470E-BA33-9F4B6755A76F} = {574EA9AC-4199-47D7-BA46-2941FDA2EEAE}
		{93AB430C-81D6-461F-BD1F-7FAB31997DE7} = {574EA9AC-4199-47D7-BA46-2941FDA2EEAE}
		{90283FD3-62E9-4186-A1D3-AC96B831F4D0} = {D1FC7B98-7333-42E9-99B4-7D5115B40258}
		{DF8E35DB-FA71-4261-8FFE-823C324F7029} = {93AB430C-81D6-461F-BD1F-7FAB31997DE7}
		{2D0A5AF7-45E8-4923-B78E-1B982CE2D198} = {93AB430C-81D6-461F-BD1F-7FAB31997DE7}
		{AE4F7AC6-0890-43BC-8EF4-2CAF4C53F576} = {2D0A5AF7-45E8-4923-B78E-1B982CE2D198}
	EndGlobalSection
EndGlobal
